
Microsoft Visual Studio Solution File, Format Version 12.00
# Visual Studio Version 16
VisualStudioVersion = 16.0.30114.105
MinimumVisualStudioVersion = 10.0.40219.1
Project("{2150E333-8FDC-42A3-9474-1A3956D46DE8}") = "src", "src", "{436167B8-E4D2-470F-B1FB-EC94A7BAAA13}"
EndProject
Project("{2150E333-8FDC-42A3-9474-1A3956D46DE8}") = "API", "API", "{B88B5802-F851-48F9-9D0D-4680A54E8D48}"
EndProject
Project("{2150E333-8FDC-42A3-9474-1A3956D46DE8}") = "Core", "Core", "{D9585BA9-1ABA-4092-B0BD-A7BBD059455D}"
EndProject
Project("{2150E333-8FDC-42A3-9474-1A3956D46DE8}") = "Infrastructure", "Infrastructure", "{36DFB803-E3B1-467D-920D-D96CCCD500C5}"
EndProject
Project("{9A19103F-16F7-4668-BE54-9A1E7A4F7556}") = "FlightDeck.Domain", "FlightDeck.Domain\FlightDeck.Domain.csproj", "{A0E8410E-D091-47CD-A9EB-B90A0AE8C2DB}"
EndProject
Project("{9A19103F-16F7-4668-BE54-9A1E7A4F7556}") = "FlightDeck.Application", "FlightDeck.Application\FlightDeck.Application.csproj", "{8B0AC368-11B8-4DDF-9059-3F8E4B5C0F77}"
EndProject
Project("{9A19103F-16F7-4668-BE54-9A1E7A4F7556}") = "FlightDeck.Identity", "FlightDeck.Identity\FlightDeck.Identity.csproj", "{3A792E4E-5E16-4F63-953D-C159FB7D1021}"
EndProject
Project("{9A19103F-16F7-4668-BE54-9A1E7A4F7556}") = "FlightDeck.Service", "FlightDeck.Service\FlightDeck.Service.csproj", "{058C921A-CC16-4E34-B396-DF73AD8A1B0E}"
EndProject
Project("{9A19103F-16F7-4668-BE54-9A1E7A4F7556}") = "FlightDeck.DataAccess", "FlightDeck.DataAccess\FlightDeck.DataAccess.csproj", "{2989C7FB-3221-48C9-B707-9F1A19CDA010}"
EndProject
Project("{9A19103F-16F7-4668-BE54-9A1E7A4F7556}") = "FlightDeck.Api", "FlightDeck.Api\FlightDeck.Api.csproj", "{F4465DCA-46D0-444F-B84A-0F25E13ECB9D}"
EndProject
Global
	GlobalSection(SolutionConfigurationPlatforms) = preSolution
		Debug|Any CPU = Debug|Any CPU
		Release|Any CPU = Release|Any CPU
	EndGlobalSection
	GlobalSection(ProjectConfigurationPlatforms) = postSolution
		{A0E8410E-D091-47CD-A9EB-B90A0AE8C2DB}.Debug|Any CPU.ActiveCfg = Debug|Any CPU
		{A0E8410E-D091-47CD-A9EB-B90A0AE8C2DB}.Debug|Any CPU.Build.0 = Debug|Any CPU
		{A0E8410E-D091-47CD-A9EB-B90A0AE8C2DB}.Release|Any CPU.ActiveCfg = Release|Any CPU
		{A0E8410E-D091-47CD-A9EB-B90A0AE8C2DB}.Release|Any CPU.Build.0 = Release|Any CPU
		{8B0AC368-11B8-4DDF-9059-3F8E4B5C0F77}.Debug|Any CPU.ActiveCfg = Debug|Any CPU
		{8B0AC368-11B8-4DDF-9059-3F8E4B5C0F77}.Debug|Any CPU.Build.0 = Debug|Any CPU
		{8B0AC368-11B8-4DDF-9059-3F8E4B5C0F77}.Release|Any CPU.ActiveCfg = Release|Any CPU
		{8B0AC368-11B8-4DDF-9059-3F8E4B5C0F77}.Release|Any CPU.Build.0 = Release|Any CPU
		{3A792E4E-5E16-4F63-953D-C159FB7D1021}.Debug|Any CPU.ActiveCfg = Debug|Any CPU
		{3A792E4E-5E16-4F63-953D-C159FB7D1021}.Debug|Any CPU.Build.0 = Debug|Any CPU
		{3A792E4E-5E16-4F63-953D-C159FB7D1021}.Release|Any CPU.ActiveCfg = Release|Any CPU
		{3A792E4E-5E16-4F63-953D-C159FB7D1021}.Release|Any CPU.Build.0 = Release|Any CPU
		{058C921A-CC16-4E34-B396-DF73AD8A1B0E}.Debug|Any CPU.ActiveCfg = Debug|Any CPU
		{058C921A-CC16-4E34-B396-DF73AD8A1B0E}.Debug|Any CPU.Build.0 = Debug|Any CPU
		{058C921A-CC16-4E34-B396-DF73AD8A1B0E}.Release|Any CPU.ActiveCfg = Release|Any CPU
		{058C921A-CC16-4E34-B396-DF73AD8A1B0E}.Release|Any CPU.Build.0 = Release|Any CPU
		{2989C7FB-3221-48C9-B707-9F1A19CDA010}.Debug|Any CPU.ActiveCfg = Debug|Any CPU
		{2989C7FB-3221-48C9-B707-9F1A19CDA010}.Debug|Any CPU.Build.0 = Debug|Any CPU
		{2989C7FB-3221-48C9-B707-9F1A19CDA010}.Release|Any CPU.ActiveCfg = Release|Any CPU
		{2989C7FB-3221-48C9-B707-9F1A19CDA010}.Release|Any CPU.Build.0 = Release|Any CPU
		{F4465DCA-46D0-444F-B84A-0F25E13ECB9D}.Debug|Any CPU.ActiveCfg = Debug|Any CPU
		{F4465DCA-46D0-444F-B84A-0F25E13ECB9D}.Debug|Any CPU.Build.0 = Debug|Any CPU
		{F4465DCA-46D0-444F-B84A-0F25E13ECB9D}.Release|Any CPU.ActiveCfg = Release|Any CPU
		{F4465DCA-46D0-444F-B84A-0F25E13ECB9D}.Release|Any CPU.Build.0 = Release|Any CPU
	EndGlobalSection
	GlobalSection(SolutionProperties) = preSolution
		HideSolutionNode = FALSE
	EndGlobalSection
	GlobalSection(NestedProjects) = preSolution
		{B88B5802-F851-48F9-9D0D-4680A54E8D48} = {436167B8-E4D2-470F-B1FB-EC94A7BAAA13}
		{D9585BA9-1ABA-4092-B0BD-A7BBD059455D} = {436167B8-E4D2-470F-B1FB-EC94A7BAAA13}
		{36DFB803-E3B1-467D-920D-D96CCCD500C5} = {436167B8-E4D2-470F-B1FB-EC94A7BAAA13}
		{A0E8410E-D091-47CD-A9EB-B90A0AE8C2DB} = {D9585BA9-1ABA-4092-B0BD-A7BBD059455D}
		{8B0AC368-11B8-4DDF-9059-3F8E4B5C0F77} = {D9585BA9-1ABA-4092-B0BD-A7BBD059455D}
		{3A792E4E-5E16-4F63-953D-C159FB7D1021} = {36DFB803-E3B1-467D-920D-D96CCCD500C5}
		{058C921A-CC16-4E34-B396-DF73AD8A1B0E} = {36DFB803-E3B1-467D-920D-D96CCCD500C5}
		{2989C7FB-3221-48C9-B707-9F1A19CDA010} = {36DFB803-E3B1-467D-920D-D96CCCD500C5}
		{F4465DCA-46D0-444F-B84A-0F25E13ECB9D} = {B88B5802-F851-48F9-9D0D-4680A54E8D48}
	EndGlobalSection
	GlobalSection(ExtensibilityGlobals) = postSolution
		SolutionGuid = {06F0E0FF-AAB7-4E79-9254-E68EF8C36B5A}
	EndGlobalSection
EndGlobal
